// !$*UTF8*$!
{
	archiveVersion = 1;
	classes = {
	};
	objectVersion = 46;
	objects = {

/* Begin PBXBuildFile section */
		9E8016B91D837B84004E73DC /* AppDelegate.swift in Sources */ = {isa = PBXBuildFile; fileRef = 9E8016B81D837B84004E73DC /* AppDelegate.swift */; };
		9E8016BB1D837B84004E73DC /* ViewController.swift in Sources */ = {isa = PBXBuildFile; fileRef = 9E8016BA1D837B84004E73DC /* ViewController.swift */; };
		9E8016BE1D837B84004E73DC /* Main.storyboard in Resources */ = {isa = PBXBuildFile; fileRef = 9E8016BC1D837B84004E73DC /* Main.storyboard */; };
		9E8016C01D837B84004E73DC /* Assets.xcassets in Resources */ = {isa = PBXBuildFile; fileRef = 9E8016BF1D837B84004E73DC /* Assets.xcassets */; };
		9E8016C31D837B84004E73DC /* LaunchScreen.storyboard in Resources */ = {isa = PBXBuildFile; fileRef = 9E8016C11D837B84004E73DC /* LaunchScreen.storyboard */; };
/* End PBXBuildFile section */

/* Begin PBXFileReference section */
		9E8016B51D837B84004E73DC /* Matthew-Eng-Triprise-App.app */ = {isa = PBXFileReference; explicitFileType = wrapper.application; includeInIndex = 0; path = "Matthew-Eng-Triprise-App.app"; sourceTree = BUILT_PRODUCTS_DIR; };
		9E8016B81D837B84004E73DC /* AppDelegate.swift */ = {isa = PBXFileReference; lastKnownFileType = sourcecode.swift; path = AppDelegate.swift; sourceTree = "<group>"; };
		9E8016BA1D837B84004E73DC /* ViewController.swift */ = {isa = PBXFileReference; lastKnownFileType = sourcecode.swift; path = ViewController.swift; sourceTree = "<group>"; };
		9E8016BD1D837B84004E73DC /* Base */ = {isa = PBXFileReference; lastKnownFileType = file.storyboard; name = Base; path = Base.lproj/Main.storyboard; sourceTree = "<group>"; };
		9E8016BF1D837B84004E73DC /* Assets.xcassets */ = {isa = PBXFileReference; lastKnownFileType = folder.assetcatalog; path = Assets.xcassets; sourceTree = "<group>"; };
		9E8016C21D837B84004E73DC /* Base */ = {isa = PBXFileReference; lastKnownFileType = file.storyboard; name = Base; path = Base.lproj/LaunchScreen.storyboard; sourceTree = "<group>"; };
		9E8016C41D837B84004E73DC /* Info.plist */ = {isa = PBXFileReference; lastKnownFileType = text.plist.xml; path = Info.plist; sourceTree = "<group>"; };
/* End PBXFileReference section */

/* Begin PBXFrameworksBuildPhase section */
		9E8016B21D837B84004E73DC /* Frameworks */ = {
			isa = PBXFrameworksBuildPhase;
			buildActionMask = 2147483647;
			files = (
			);
			runOnlyForDeploymentPostprocessing = 0;
		};
/* End PBXFrameworksBuildPhase section */

/* Begin PBXGroup section */
		9E8016AC1D837B84004E73DC = {
			isa = PBXGroup;
			children = (
				9E8016B71D837B84004E73DC /* Matthew-Eng-Triprise-App */,
				9E8016B61D837B84004E73DC /* Products */,
			);
			sourceTree = "<group>";
		};
		9E8016B61D837B84004E73DC /* Products */ = {
			isa = PBXGroup;
			children = (
				9E8016B51D837B84004E73DC /* Matthew-Eng-Triprise-App.app */,
			);
			name = Products;
			sourceTree = "<group>";
		};
		9E8016B71D837B84004E73DC /* Matthew-Eng-Triprise-App */ = {
			isa = PBXGroup;
			children = (
				9E8016B81D837B84004E73DC /* AppDelegate.swift */,
				9E8016BA1D837B84004E73DC /* ViewController.swift */,
				9E8016BC1D837B84004E73DC /* Main.storyboard */,
				9E8016BF1D837B84004E73DC /* Assets.xcassets */,
				9E8016C11D837B84004E73DC /* LaunchScreen.storyboard */,
				9E8016C41D837B84004E73DC /* Info.plist */,
			);
			path = "Matthew-Eng-Triprise-App";
			sourceTree = "<group>";
		};
/* End PBXGroup section */

/* Begin PBXNativeTarget section */
		9E8016B41D837B84004E73DC /* Matthew-Eng-Triprise-App */ = {
			isa = PBXNativeTarget;
			buildConfigurationList = 9E8016C71D837B84004E73DC /* Build configuration list for PBXNativeTarget "Matthew-Eng-Triprise-App" */;
			buildPhases = (
				9E8016B11D837B84004E73DC /* Sources */,
				9E8016B21D837B84004E73DC /* Frameworks */,
				9E8016B31D837B84004E73DC /* Resources */,
			);
			buildRules = (
			);
			dependencies = (
			);
			name = "Matthew-Eng-Triprise-App";
			productName = "Matthew-Eng-Triprise-App";
			productReference = 9E8016B51D837B84004E73DC /* Matthew-Eng-Triprise-App.app */;
			productType = "com.apple.product-type.application";
		};
/* End PBXNativeTarget section */

/* Begin PBXProject section */
		9E8016AD1D837B84004E73DC /* Project object */ = {
			isa = PBXProject;
			attributes = {
				LastSwiftUpdateCheck = 0730;
				LastUpgradeCheck = 0730;
				ORGANIZATIONNAME = EngTech;
				TargetAttributes = {
					9E8016B41D837B84004E73DC = {
						CreatedOnToolsVersion = 7.3.1;
						DevelopmentTeam = MGP4DFEB58;
					};
				};
			};
			buildConfigurationList = 9E8016B01D837B84004E73DC /* Build configuration list for PBXProject "Matthew-Eng-Triprise-App" */;
			compatibilityVersion = "Xcode 3.2";
			developmentRegion = English;
			hasScannedForEncodings = 0;
			knownRegions = (
				en,
				Base,
			);
			mainGroup = 9E8016AC1D837B84004E73DC;
			productRefGroup = 9E8016B61D837B84004E73DC /* Products */;
			projectDirPath = "";
			projectRoot = "";
			targets = (
				9E8016B41D837B84004E73DC /* Matthew-Eng-Triprise-App */,
			);
		};
/* End PBXProject section */

/* Begin PBXResourcesBuildPhase section */
		9E8016B31D837B84004E73DC /* Resources */ = {
			isa = PBXResourcesBuildPhase;
			buildActionMask = 2147483647;
			files = (
				9E8016C31D837B84004E73DC /* LaunchScreen.storyboard in Resources */,
				9E8016C01D837B84004E73DC /* Assets.xcassets in Resources */,
				9E8016BE1D837B84004E73DC /* Main.storyboard in Resources */,
			);
			runOnlyForDeploymentPostprocessing = 0;
		};
/* End PBXResourcesBuildPhase section */

/* Begin PBXSourcesBuildPhase section */
		9E8016B11D837B84004E73DC /* Sources */ = {
			isa = PBXSourcesBuildPhase;
			buildActionMask = 2147483647;
			files = (
				9E8016BB1D837B84004E73DC /* ViewController.swift in Sources */,
				9E8016B91D837B84004E73DC /* AppDelegate.swift in Sources */,
			);
			runOnlyForDeploymentPostprocessing = 0;
		};
/* End PBXSourcesBuildPhase section */

/* Begin PBXVariantGroup section */
		9E8016BC1D837B84004E73DC /* Main.storyboard */ = {
			isa = PBXVariantGroup;
			children = (
				9E8016BD1D837B84004E73DC /* Base */,
			);
			name = Main.storyboard;
			sourceTree = "<group>";
		};
		9E8016C11D837B84004E73DC /* LaunchScreen.storyboard */ = {
			isa = PBXVariantGroup;
			children = (
				9E8016C21D837B84004E73DC /* Base */,
			);
			name = LaunchScreen.storyboard;
			sourceTree = "<group>";
		};
/* End PBXVariantGroup section */

/* Begin XCBuildConfiguration section */
		9E8016C51D837B84004E73DC /* Debug */ = {
			isa = XCBuildConfiguration;
			buildSettings = {
				ALWAYS_SEARCH_USER_PATHS = NO;
				CLANG_ANALYZER_NONNULL = YES;
				CLANG_CXX_LANGUAGE_STANDARD = "gnu++0x";
				CLANG_CXX_LIBRARY = "libc++";
				CLANG_ENABLE_MODULES = YES;
				CLANG_ENABLE_OBJC_ARC = YES;
				CLANG_WARN_BOOL_CONVERSION = YES;
				CLANG_WARN_CONSTANT_CONVERSION = YES;
				CLANG_WARN_DIRECT_OBJC_ISA_USAGE = YES_ERROR;
				CLANG_WARN_EMPTY_BODY = YES;
				CLANG_WARN_ENUM_CONVERSION = YES;
				CLANG_WARN_INT_CONVERSION = YES;
				CLANG_WARN_OBJC_ROOT_CLASS = YES_ERROR;
				CLANG_WARN_UNREACHABLE_CODE = YES;
				CLANG_WARN__DUPLICATE_METHOD_MATCH = YES;
				"CODE_SIGN_IDENTITY[sdk=iphoneos*]" = "iPhone Developer";
				COPY_PHASE_STRIP = NO;
				DEBUG_INFORMATION_FORMAT = dwarf;
				ENABLE_STRICT_OBJC_MSGSEND = YES;
				ENABLE_TESTABILITY = YES;
				GCC_C_LANGUAGE_STANDARD = gnu99;
				GCC_DYNAMIC_NO_PIC = NO;
				GCC_NO_COMMON_BLOCKS = YES;
				GCC_OPTIMIZATION_LEVEL = 0;
				GCC_PREPROCESSOR_DEFINITIONS = (
					"DEBUG=1",
					"$(inherited)",
				);
				GCC_WARN_64_TO_32_BIT_CONVERSION = YES;
				GCC_WARN_ABOUT_RETURN_TYPE = YES_ERROR;
				GCC_WARN_UNDECLARED_SELECTOR = YES;
				GCC_WARN_UNINITIALIZED_AUTOS = YES_AGGRESSIVE;
				GCC_WARN_UNUSED_FUNCTION = YES;
				GCC_WARN_UNUSED_VARIABLE = YES;
				IPHONEOS_DEPLOYMENT_TARGET = 9.3;
				MTL_ENABLE_DEBUG_INFO = YES;
				ONLY_ACTIVE_ARCH = YES;
				SDKROOT = iphoneos;
				SWIFT_OPTIMIZATION_LEVEL = "-Onone";
			};
			name = Debug;
		};
		9E8016C61D837B84004E73DC /* Release */ = {
			isa = XCBuildConfiguration;
			buildSettings = {
				ALWAYS_SEARCH_USER_PATHS = NO;
				CLANG_ANALYZER_NONNULL = YES;
				CLANG_CXX_LANGUAGE_STANDARD = "gnu++0x";
				CLANG_CXX_LIBRARY = "libc++";
				CLANG_ENABLE_MODULES = YES;
				CLANG_ENABLE_OBJC_ARC = YES;
				CLANG_WARN_BOOL_CONVERSION = YES;
				CLANG_WARN_CONSTANT_CONVERSION = YES;
				CLANG_WARN_DIRECT_OBJC_ISA_USAGE = YES_ERROR;
				CLANG_WARN_EMPTY_BODY = YES;
				CLANG_WARN_ENUM_CONVERSION = YES;
				CLANG_WARN_INT_CONVERSION = YES;
				CLANG_WARN_OBJC_ROOT_CLASS = YES_ERROR;
				CLANG_WARN_UNREACHABLE_CODE = YES;
				CLANG_WARN__DUPLICATE_METHOD_MATCH = YES;
				"CODE_SIGN_IDENTITY[sdk=iphoneos*]" = "iPhone Developer";
				COPY_PHASE_STRIP = NO;
				DEBUG_INFORMATION_FORMAT = "dwarf-with-dsym";
				ENABLE_NS_ASSERTIONS = NO;
				ENABLE_STRICT_OBJC_MSGSEND = YES;
				GCC_C_LANGUAGE_STANDARD = gnu99;
				GCC_NO_COMMON_BLOCKS = YES;
				GCC_WARN_64_TO_32_BIT_CONVERSION = YES;
				GCC_WARN_ABOUT_RETURN_TYPE = YES_ERROR;
				GCC_WARN_UNDECLARED_SELECTOR = YES;
				GCC_WARN_UNINITIALIZED_AUTOS = YES_AGGRESSIVE;
				GCC_WARN_UNUSED_FUNCTION = YES;
				GCC_WARN_UNUSED_VARIABLE = YES;
				IPHONEOS_DEPLOYMENT_TARGET = 9.3;
				MTL_ENABLE_DEBUG_INFO = NO;
				SDKROOT = iphoneos;
				VALIDATE_PRODUCT = YES;
			};
			name = Release;
		};
		9E8016C81D837B84004E73DC /* Debug */ = {
			isa = XCBuildConfiguration;
			buildSettings = {
				ASSETCATALOG_COMPILER_APPICON_NAME = AppIcon;
				INFOPLIST_FILE = "Matthew-Eng-Triprise-App/Info.plist";
				LD_RUNPATH_SEARCH_PATHS = "$(inherited) @executable_path/Frameworks";
				PRODUCT_BUNDLE_IDENTIFIER = "EngTech.Matthew-Eng-Triprise-App";
				PRODUCT_NAME = "$(TARGET_NAME)";
			};
			name = Debug;
		};
		9E8016C91D837B84004E73DC /* Release */ = {
			isa = XCBuildConfiguration;
			buildSettings = {
				ASSETCATALOG_COMPILER_APPICON_NAME = AppIcon;
				INFOPLIST_FILE = "Matthew-Eng-Triprise-App/Info.plist";
				LD_RUNPATH_SEARCH_PATHS = "$(inherited) @executable_path/Frameworks";
				PRODUCT_BUNDLE_IDENTIFIER = "EngTech.Matthew-Eng-Triprise-App";
				PRODUCT_NAME = "$(TARGET_NAME)";
			};
			name = Release;
		};
/* End XCBuildConfiguration section */

/* Begin XCConfigurationList section */
		9E8016B01D837B84004E73DC /* Build configuration list for PBXProject "Matthew-Eng-Triprise-App" */ = {
			isa = XCConfigurationList;
			buildConfigurations = (
				9E8016C51D837B84004E73DC /* Debug */,
				9E8016C61D837B84004E73DC /* Release */,
			);
			defaultConfigurationIsVisible = 0;
			defaultConfigurationName = Release;
		};
		9E8016C71D837B84004E73DC /* Build configuration list for PBXNativeTarget "Matthew-Eng-Triprise-App" */ = {
			isa = XCConfigurationList;
			buildConfigurations = (
				9E8016C81D837B84004E73DC /* Debug */,
				9E8016C91D837B84004E73DC /* Release */,
			);
			defaultConfigurationIsVisible = 0;
		};
/* End XCConfigurationList section */
	};
	rootObject = 9E8016AD1D837B84004E73DC /* Project object */;
}
